<?xml version="1.0" encoding="utf-8"?>
<Project ToolsVersion="4.0" xmlns="http://schemas.microsoft.com/developer/msbuild/2003">
  <ItemGroup>
    <ClCompile Include="Main.cpp" />
    <ClCompile Include="Renderer.cpp" />
    <ClCompile Include="BaseUtils.cpp" />
    <ClCompile Include="WinFontRenderImpl.cpp" />
    <ClCompile Include="Settings.cpp" />
    <ClCompile Include="CommandList.cpp" />
    <ClCompile Include="RenderingResource.cpp" />
    <ClCompile Include="Texture.cpp" />
    <ClCompile Include="Mesh.cpp" />
  </ItemGroup>
  <ItemGroup>
    <Filter Include="ThirdParty">
      <UniqueIdentifier>{7e1c13df-b351-4521-9ee4-8fac14392493}</UniqueIdentifier>
    </Filter>
    <Filter Include="ThirdParty\d3dx12">
      <UniqueIdentifier>{e47cafda-65f6-429b-87f5-cb97f2e66658}</UniqueIdentifier>
    </Filter>
    <Filter Include="ThirdParty\str_view">
      <UniqueIdentifier>{e84a03cf-1687-49f4-9ea0-f72017fe4431}</UniqueIdentifier>
    </Filter>
    <Filter Include="ThirdParty\WinFontRender">
      <UniqueIdentifier>{995b9c9c-45b3-4942-bd5c-8d79a34055d5}</UniqueIdentifier>
    </Filter>
    <Filter Include="Shaders">
      <UniqueIdentifier>{9bbac897-8dfe-4040-b8b4-a46a7e8866ed}</UniqueIdentifier>
    </Filter>
  </ItemGroup>
  <ItemGroup>
    <ClInclude Include="..\ThirdParty\d3dx12\d3dx12.h">
      <Filter>ThirdParty\d3dx12</Filter>
    </ClInclude>
    <ClInclude Include="..\ThirdParty\str_view\str_view.hpp">
      <Filter>ThirdParty\str_view</Filter>
    </ClInclude>
    <ClInclude Include="BaseUtils.hpp" />
    <ClInclude Include="Renderer.hpp" />
    <ClInclude Include="..\ThirdParty\WinFontRender\WinFontRender.h">
      <Filter>ThirdParty\WinFontRender</Filter>
    </ClInclude>
    <ClInclude Include="Settings.hpp" />
    <ClInclude Include="CommandList.hpp" />
    <ClInclude Include="RenderingResource.hpp" />
    <ClInclude Include="Texture.hpp" />
    <ClInclude Include="Mesh.hpp" />
  </ItemGroup>
  <ItemGroup>
    <Natvis Include="..\ThirdParty\str_view\str_view.natvis">
      <Filter>ThirdParty\str_view</Filter>
    </Natvis>
  </ItemGroup>
  <ItemGroup>
    <None Include="packages.config" />
  </ItemGroup>
  <ItemGroup>
    <Text Include="..\WorkingDir\Data\PS.hlsl">
      <Filter>Shaders</Filter>
    </Text>
    <Text Include="..\WorkingDir\Data\VS.hlsl">
      <Filter>Shaders</Filter>
    </Text>
  </ItemGroup>
</Project>